{
  "requires": true,
  "lockfileVersion": 1,
  "dependencies": {
    "@alloc/types": {
      "version": "1.3.0",
      "resolved": "https://registry.npmjs.org/@alloc/types/-/types-1.3.0.tgz",
      "integrity": "sha512-mH7LiFiq9g6rX2tvt1LtwsclfG5hnsmtIfkZiauAGrm1AwXhoRS0sF2WrN9JGN7eV5vFXqNaB0eXZ3IvMsVi9g=="
    },
    "@babel/runtime": {
      "version": "7.11.2",
      "resolved": "https://registry.npmjs.org/@babel/runtime/-/runtime-7.11.2.tgz",
      "integrity": "sha512-TeWkU52so0mPtDcaCTxNBI/IHiz0pZgr8VEFqXFtZWpYD08ZB6FaSwVAS8MKRQAP3bYKiVjwysOJgMFY28o6Tw==",
      "requires": {
        "regenerator-runtime": "^0.13.4"
      }
    },
    "@juggle/resize-observer": {
      "version": "3.2.0",
      "resolved": "https://registry.npmjs.org/@juggle/resize-observer/-/resize-observer-3.2.0.tgz",
      "integrity": "sha512-fsLxt0CHx2HCV9EL8lDoVkwHffsA0snUpddYjdLyXcG5E41xaamn9ZyQqOE9TUJdrRlH8/hjIf+UdOdDeKCUgg=="
    },
    "@react-spring/animated": {
      "version": "9.0.0-rc.3",
      "resolved": "https://registry.npmjs.org/@react-spring/animated/-/animated-9.0.0-rc.3.tgz",
      "integrity": "sha512-dAvgtKhkYpzzr+EkmZ4ZuJ5CujxCW0LaT109DvO/2MQNk3EWIxcgl+ik4tSulSbgau1GN8RlkRKyDp0wISdQ3Q==",
      "requires": {
        "@babel/runtime": "^7.3.1",
        "@react-spring/shared": "9.0.0-rc.3",
        "react-layout-effect": "^1.0.1"
      }
    },
    "@react-spring/core": {
      "version": "9.0.0-rc.3",
      "resolved": "https://registry.npmjs.org/@react-spring/core/-/core-9.0.0-rc.3.tgz",
      "integrity": "sha512-3OzsVFxpfMJNkkQj8TwAH3NhUAX76AXu6WkslQF4EgBeEoG5eY3m+VvM9RsAsGWDuBKpscZ/wBpFt5Ih6KdGHA==",
      "requires": {
        "@babel/runtime": "^7.3.1",
        "@react-spring/animated": "9.0.0-rc.3",
        "@react-spring/shared": "9.0.0-rc.3",
        "react-layout-effect": "^1.0.1",
        "use-memo-one": "^1.1.0"
      }
    },
    "@react-spring/shared": {
      "version": "9.0.0-rc.3",
      "resolved": "https://registry.npmjs.org/@react-spring/shared/-/shared-9.0.0-rc.3.tgz",
      "integrity": "sha512-dd50TxwwMWd+dSB0InjndUN9w17cbnMCPy+0sag6zRxxKIo7eOyWSliOtLKxvufgmdC8Prm4M3GT5dmB1yxKEQ==",
      "requires": {
        "@alloc/types": "^1.2.1",
        "@babel/runtime": "^7.3.1",
        "fluids": "^0.1.6",
        "tslib": "^1.11.1"
      }
    },
    "@react-spring/web": {
      "version": "9.0.0-rc.3",
      "resolved": "https://registry.npmjs.org/@react-spring/web/-/web-9.0.0-rc.3.tgz",
      "integrity": "sha512-rEvipblmihiz8+Eo01zDp5dqWn6XfYk8q2rlN9c18YIOL4o6nuY/VplDoocUMHYfH4liurpO4o1QudKOO1nAiQ==",
      "requires": {
        "@babel/runtime": "^7.3.1",
        "@react-spring/animated": "9.0.0-rc.3",
        "@react-spring/core": "9.0.0-rc.3",
        "@react-spring/shared": "9.0.0-rc.3"
      }
    },
    "base64url": {
      "version": "3.0.1",
      "resolved": "https://registry.npmjs.org/base64url/-/base64url-3.0.1.tgz",
      "integrity": "sha512-ir1UPr3dkwexU7FdV8qBBbNDRUhMmIekYMFZfi+C/sLNnRESKPl23nB9b2pltqfOQNnGzsDdId90AEtG5tCx4A=="
    },
    "debounce": {
      "version": "1.2.0",
      "resolved": "https://registry.npmjs.org/debounce/-/debounce-1.2.0.tgz",
      "integrity": "sha512-mYtLl1xfZLi1m4RtQYlZgJUNQjl4ZxVnHzIR8nLLgi4q1YT8o/WM+MK/f8yfcc9s5Ir5zRaPZyZU6xs1Syoocg=="
    },
    "detect-gpu": {
      "version": "1.4.1",
      "resolved": "https://registry.npmjs.org/detect-gpu/-/detect-gpu-1.4.1.tgz",
      "integrity": "sha512-joUURxxAwgAvJxj4Y9px6tfcHJlCdBBi/Lg3OmqhfgwihdxzLMTHds+q0LBcu5O1oC/ACQ+OqqDkbUSmd2ilBQ==",
      "requires": {
        "detect-ua": "^1.0.1"
      }
    },
    "detect-ua": {
      "version": "1.0.1",
      "resolved": "https://registry.npmjs.org/detect-ua/-/detect-ua-1.0.1.tgz",
      "integrity": "sha512-FzBaVpuMBcuJkSS/r3bHmnhiAe0SMipQ3SJez/Gmq/ALzoxen1LgfukL556o8rgMUDyLfOXj9MvNnwkqJ35Fwg=="
    },
    "drei": {
      "version": "1.5.7",
      "resolved": "https://registry.npmjs.org/drei/-/drei-1.5.7.tgz",
      "integrity": "sha512-x7PQfvoSI1OqOwghZuZBhrNtaxMHh0bpVBLFYu39qwDghnBYgNIpNhoRtqK5FzRbcS1Rjdq0KWP0leSGKG/rsA==",
      "requires": {
        "@babel/runtime": "^7.11.2",
        "@react-spring/web": "^9.0.0-rc.3",
        "detect-gpu": "^1.3.0",
        "glsl-noise": "^0.0.0",
        "lodash.omit": "^4.5.0",
        "lodash.pick": "^4.4.0",
        "r3f-troika": "^0.31.1",
        "react-merge-refs": "^1.0.0",
        "stats.js": "^0.17.0",
        "troika-three-text": "^0.31.0",
        "utility-types": "^3.10.0",
        "zustand": "^3.0.3"
      }
    },
    "fast-deep-equal": {
      "version": "3.1.3",
      "resolved": "https://registry.npmjs.org/fast-deep-equal/-/fast-deep-equal-3.1.3.tgz",
      "integrity": "sha512-f3qQ9oQy9j2AhBe/H9VC91wLmKBCCU/gDOnKNAYG5hswO7BLKj09Hc5HYNz9cGI++xlpDCIgDaitVs03ATR84Q=="
    },
    "fluids": {
      "version": "0.1.9",
      "resolved": "https://registry.npmjs.org/fluids/-/fluids-0.1.9.tgz",
      "integrity": "sha512-cA5WHsJZNjsMXzAp/lxl6KLAiOgXFTOwQ+QVf39LfCcoBgih8sqkRadtjN+6UTU6KoF0h0HdYJKI3GWuqRVdBw=="
    },
    "glsl-noise": {
      "version": "0.0.0",
      "resolved": "https://registry.npmjs.org/glsl-noise/-/glsl-noise-0.0.0.tgz",
      "integrity": "sha1-NndF86MzgsDu7Ey1S36Zz8HXZws="
    },
    "js-tokens": {
      "version": "4.0.0",
      "resolved": "https://registry.npmjs.org/js-tokens/-/js-tokens-4.0.0.tgz",
      "integrity": "sha512-RdJUflcE3cUzKiMqQgsCu06FPu9UdIJO0beYbPhHN4k6apgJtifcoCtT9bcxOpYBtpD2kCM6Sbzg4CausW/PKQ=="
    },
    "lodash.omit": {
      "version": "4.5.0",
      "resolved": "https://registry.npmjs.org/lodash.omit/-/lodash.omit-4.5.0.tgz",
      "integrity": "sha1-brGa5aHuHdnfC5aeZs4Lf6MLXmA="
    },
    "lodash.pick": {
      "version": "4.4.0",
      "resolved": "https://registry.npmjs.org/lodash.pick/-/lodash.pick-4.4.0.tgz",
      "integrity": "sha1-UvBWEP/53tQiYRRB7R/BI6AwAbM="
    },
    "loose-envify": {
      "version": "1.4.0",
      "resolved": "https://registry.npmjs.org/loose-envify/-/loose-envify-1.4.0.tgz",
      "integrity": "sha512-lyuxPGr/Wfhrlem2CL/UcnUc1zcqKAImBDzukY7Y5F/yQiNdko6+fRLevlw1HgMySw7f611UIY408EtxRSoK3Q==",
      "requires": {
        "js-tokens": "^3.0.0 || ^4.0.0"
      }
    },
    "oauth": {
      "version": "0.9.15",
      "resolved": "https://registry.npmjs.org/oauth/-/oauth-0.9.15.tgz",
      "integrity": "sha1-vR/vr2hslrdUda7VGWQS/2DPucE="
    },
    "object-assign": {
      "version": "4.1.1",
      "resolved": "https://registry.npmjs.org/object-assign/-/object-assign-4.1.1.tgz",
      "integrity": "sha1-IQmtx5ZYh8/AXLvUQsrIv7s2CGM="
    },
    "passport-oauth2": {
      "version": "1.5.0",
      "resolved": "https://registry.npmjs.org/passport-oauth2/-/passport-oauth2-1.5.0.tgz",
      "integrity": "sha512-kqBt6vR/5VlCK8iCx1/KpY42kQ+NEHZwsSyt4Y6STiNjU+wWICG1i8ucc1FapXDGO15C5O5VZz7+7vRzrDPXXQ==",
      "requires": {
        "base64url": "3.x.x",
        "oauth": "0.9.x",
        "passport-strategy": "1.x.x",
        "uid2": "0.0.x",
        "utils-merge": "1.x.x"
      }
    },
    "passport-strategy": {
      "version": "1.0.0",
      "resolved": "https://registry.npmjs.org/passport-strategy/-/passport-strategy-1.0.0.tgz",
      "integrity": "sha1-tVOaqPwiWj0a0XlHbd8ja0QPUuQ="
    },
    "pkginfo": {
      "version": "0.4.1",
      "resolved": "https://registry.npmjs.org/pkginfo/-/pkginfo-0.4.1.tgz",
      "integrity": "sha1-tUGO8EOd5UJfxJlQQtztFPsqhP8="
    },
    "r3f-troika": {
      "version": "0.31.1",
      "resolved": "https://registry.npmjs.org/r3f-troika/-/r3f-troika-0.31.1.tgz",
      "integrity": "sha512-d0AI2ZCpU5u9axqJ3I+KI786ltQNOJKimeuq+96Sir/sg0Nl2m5JNA9fBg+YEZ6fOR7+kcbyaycQcTbfTpYDDQ==",
      "requires": {
        "troika-three-utils": "^0.31.0",
        "troika-worker-utils": "^0.31.0"
      }
    },
    "react-layout-effect": {
      "version": "1.0.5",
      "resolved": "https://registry.npmjs.org/react-layout-effect/-/react-layout-effect-1.0.5.tgz",
      "integrity": "sha512-zdRXHuch+OBHU6bvjTelOGUCM+UDr/iCY+c0wXLEAc+G4/FlcJruD/hUOzlKH5XgO90Y/BUJPNhI/g9kl+VAsA=="
    },
    "react-merge-refs": {
      "version": "1.1.0",
      "resolved": "https://registry.npmjs.org/react-merge-refs/-/react-merge-refs-1.1.0.tgz",
      "integrity": "sha512-alTKsjEL0dKH/ru1Iyn7vliS2QRcBp9zZPGoWxUOvRGWPUYgjo+V01is7p04It6KhgrzhJGnIj9GgX8W4bZoCQ=="
    },
    "react-reconciler": {
      "version": "0.26.0-rc.0",
      "resolved": "https://registry.npmjs.org/react-reconciler/-/react-reconciler-0.26.0-rc.0.tgz",
      "integrity": "sha512-Q1YbFz4PXvD9YVxE4/YQXtEw0OLg53sLr9dsquAnGMtt99hiOTF9xTr4Z2GjF7pTaU6KA1DHLoyh6Nng+d6N3g==",
      "requires": {
        "loose-envify": "^1.1.0",
        "object-assign": "^4.1.1",
        "scheduler": "0.20.0-rc.0"
      }
    },
    "react-three-fiber": {
      "version": "5.0.0",
      "resolved": "https://registry.npmjs.org/react-three-fiber/-/react-three-fiber-5.0.0.tgz",
      "integrity": "sha512-EHqmljYhbtKl1ZXgoYzhwTDyJRRn2X2w4DTdINwI6+w5Jei5aiRSYp3avoDDKafEBmb/uDt2xejY3wQ1GfhFCQ==",
      "requires": {
        "@babel/runtime": "^7.11.2",
        "@juggle/resize-observer": "^3.2.0",
        "react-merge-refs": "^1.1.0",
        "react-reconciler": "0.26.0-rc.0",
        "react-use-measure": "^2.0.1",
        "resize-observer-polyfill": "^1.5.1",
        "scheduler": "0.20.0-rc.0",
        "tiny-emitter": "^2.1.0",
        "use-asset": "^0.1.1",
        "utility-types": "^3.10.0"
      }
    },
    "react-use-measure": {
      "version": "2.0.1",
      "resolved": "https://registry.npmjs.org/react-use-measure/-/react-use-measure-2.0.1.tgz",
      "integrity": "sha512-lFfHiqcXbJ2/6aUkZwt8g5YYM7EGqNVxJhMqMPqv1BVXRKp8D7jYLlmma0SvhRY4WYxxkZpCdbJvhDylb5gcEA==",
      "requires": {
        "debounce": "^1.2.0"
      }
    },
    "regenerator-runtime": {
      "version": "0.13.7",
      "resolved": "https://registry.npmjs.org/regenerator-runtime/-/regenerator-runtime-0.13.7.tgz",
      "integrity": "sha512-a54FxoJDIr27pgf7IgeQGxmqUNYrcV338lf/6gH456HZ/PhX+5BcwHXG9ajESmwe6WRO0tAzRUrRmNONWgkrew=="
    },
    "resize-observer-polyfill": {
      "version": "1.5.1",
      "resolved": "https://registry.npmjs.org/resize-observer-polyfill/-/resize-observer-polyfill-1.5.1.tgz",
      "integrity": "sha512-LwZrotdHOo12nQuZlHEmtuXdqGoOD0OhaxopaNFxWzInpEgaLWoVuAMbTzixuosCx2nEG58ngzW3vxdWoxIgdg=="
    },
    "scheduler": {
      "version": "0.20.0-rc.0",
      "resolved": "https://registry.npmjs.org/scheduler/-/scheduler-0.20.0-rc.0.tgz",
      "integrity": "sha512-5CZiVhk9xI9VmqaodZH+eO3aKgqYwjZ8uf9lnfRlYEwaB4lbmIq0mzuNY5w52sbPlZP9pifXQaLGudKHMgQZcw==",
      "requires": {
        "loose-envify": "^1.1.0",
        "object-assign": "^4.1.1"
      }
    },
    "stats.js": {
      "version": "0.17.0",
      "resolved": "https://registry.npmjs.org/stats.js/-/stats.js-0.17.0.tgz",
      "integrity": "sha1-scPcRtlEmLV4t/05hbgaznExzH0="
    },
    "tiny-emitter": {
      "version": "2.1.0",
      "resolved": "https://registry.npmjs.org/tiny-emitter/-/tiny-emitter-2.1.0.tgz",
      "integrity": "sha512-NB6Dk1A9xgQPMoGqC5CVXn123gWyte215ONT5Pp5a0yt4nlEoO1ZWeCwpncaekPHXO60i47ihFnZPiRPjRMq4Q=="
    },
    "troika-three-text": {
      "version": "0.31.0",
      "resolved": "https://registry.npmjs.org/troika-three-text/-/troika-three-text-0.31.0.tgz",
      "integrity": "sha512-JpRO+AC9mLZ49IymBwwwFLcasN0xjjQmSkGO9tlzlpeHpexsK4JB80qs6d6vhtt+vmfdJi27/m+WYhaR6+OzaQ==",
      "requires": {
        "troika-three-utils": "^0.31.0",
        "troika-worker-utils": "^0.31.0"
      }
    },
    "troika-three-utils": {
      "version": "0.31.0",
      "resolved": "https://registry.npmjs.org/troika-three-utils/-/troika-three-utils-0.31.0.tgz",
      "integrity": "sha512-IUy61i+Kv0EjievWhOmIkqjDa1acIO2J98oO2tZ+PpEfA+Q0syRknH4SN+iiYpa/MNJH1gQz0WfZF4Vk1/pumQ=="
    },
    "troika-worker-utils": {
      "version": "0.31.0",
      "resolved": "https://registry.npmjs.org/troika-worker-utils/-/troika-worker-utils-0.31.0.tgz",
      "integrity": "sha512-WxHhfFmy6dWBMACUnzInBlqlR601Dy3c9hiRp4aAN+ACzSldwsv1SHOqix4X2+6HTz/pBtHtfJVDbwJiO+lbCw=="
    },
    "tslib": {
      "version": "1.13.0",
      "resolved": "https://registry.npmjs.org/tslib/-/tslib-1.13.0.tgz",
      "integrity": "sha512-i/6DQjL8Xf3be4K/E6Wgpekn5Qasl1usyw++dAA35Ue5orEn65VIxOA+YvNNl9HV3qv70T7CNwjODHZrLwvd1Q=="
    },
    "uid2": {
      "version": "0.0.3",
      "resolved": "https://registry.npmjs.org/uid2/-/uid2-0.0.3.tgz",
      "integrity": "sha1-SDEm4Rd03y9xuLY53NeZw3YWK4I="
    },
    "use-asset": {
      "version": "0.1.1",
      "resolved": "https://registry.npmjs.org/use-asset/-/use-asset-0.1.1.tgz",
      "integrity": "sha512-HSBywtDxITn7xxc3AK3phkhtaD05w1X/9sjnIfrQcDPRCVpgJ2Z+Bg1ixK5PB3c81nuAuTXRgMGzRvGoztdDlg==",
      "requires": {
        "fast-deep-equal": "^3.1.3"
      }
    },
    "use-memo-one": {
      "version": "1.1.1",
      "resolved": "https://registry.npmjs.org/use-memo-one/-/use-memo-one-1.1.1.tgz",
      "integrity": "sha512-oFfsyun+bP7RX8X2AskHNTxu+R3QdE/RC5IefMbqptmACAA/gfol1KDD5KRzPsGMa62sWxGZw+Ui43u6x4ddoQ=="
    },
    "utility-types": {
      "version": "3.10.0",
      "resolved": "https://registry.npmjs.org/utility-types/-/utility-types-3.10.0.tgz",
      "integrity": "sha512-O11mqxmi7wMKCo6HKFt5AhO4BwY3VV68YU07tgxfz8zJTIxr4BpsezN49Ffwy9j3ZpwwJp4fkRwjRzq3uWE6Rg=="
    },
    "utils-merge": {
      "version": "1.0.1",
      "resolved": "https://registry.npmjs.org/utils-merge/-/utils-merge-1.0.1.tgz",
      "integrity": "sha1-n5VxD1CiZ5R7LMwSR0HBAoQn5xM="
    },
    "zustand": {
      "version": "3.1.3",
      "resolved": "https://registry.npmjs.org/zustand/-/zustand-3.1.3.tgz",
      "integrity": "sha512-Otuzh3r0GsatvsUWeXEwdYjZEw1TItWcAXwDGEHdXE4/k6WbAdVDxC21t/Poq4ZMB+2VaQNKICWu7eCBUJ65tQ=="
    }
  }
}
